{
  "name": "Deroute",
  "lockfileVersion": 2,
  "requires": true,
  "packages": {
    "": {
      "dependencies": {
        "b4a": "^1.6.1",
        "debounceify": "^1.0.0",
        "graceful-goodbye": "^1.2.0",
        "hypercore": "^10.7.0",
        "hyperswarm": "^4.3.6",
        "localdrive": "^1.4.0"
      }
    },
    "node_modules/@hyperswarm/dht": {
      "version": "6.4.4",
      "resolved": "https://registry.npmjs.org/@hyperswarm/dht/-/dht-6.4.4.tgz",
      "integrity": "sha512-yqOZ4iaOS9MYIMdC03lZ8scam+ptspTwL0rMFJILF+LU3LT8QjUCRHRUbUOaZFjZ0tf0g7+DICRILMTRwSQ/Ug==",
      "dependencies": {
        "@hyperswarm/secret-stream": "^6.0.0",
        "b4a": "^1.3.1",
        "bogon": "^1.0.0",
        "compact-encoding": "^2.4.1",
        "compact-encoding-net": "^1.0.1",
        "debugging-stream": "^2.0.0",
        "dht-rpc": "^6.6.1",
        "events": "^3.3.0",
        "hypercore-crypto": "^3.3.0",
        "noise-curve-ed": "^2.0.0",
        "noise-handshake": "^3.0.0",
        "record-cache": "^1.1.1",
        "safety-catch": "^1.0.1",
        "sodium-universal": "^4.0.0",
        "xache": "^1.1.0"
      },
      "bin": {
        "hyperswarm-dht": "bin.js"
      }
    },
    "node_modules/@hyperswarm/secret-stream": {
      "version": "6.1.2",
      "resolved": "https://registry.npmjs.org/@hyperswarm/secret-stream/-/secret-stream-6.1.2.tgz",
      "integrity": "sha512-oem+ZEG+wOU1K47qGi51pKyqG1N3F+zz42xmReHeGZVR84y+K+6VQIXCON4EozYad8HEGCixpupt8yH8W4sMxg==",
      "dependencies": {
        "b4a": "^1.1.0",
        "hypercore-crypto": "^3.3.1",
        "noise-curve-ed": "^2.0.1",
        "noise-handshake": "^3.0.2",
        "sodium-secretstream": "^1.1.0",
        "sodium-universal": "^4.0.0",
        "streamx": "^2.13.0",
        "timeout-refresh": "^2.0.0"
      }
    },
    "node_modules/b4a": {
      "version": "1.6.1",
      "resolved": "https://registry.npmjs.org/b4a/-/b4a-1.6.1.tgz",
      "integrity": "sha512-AsKjNhz72yxteo/0EtQEiwkMUgk/tGmycXlbG4g3Ard2/ULtNLUykGOkeK0egmN27h0xMAhb76jYccW+XTBExA=="
    },
    "node_modules/big-sparse-array": {
      "version": "1.0.3",
      "resolved": "https://registry.npmjs.org/big-sparse-array/-/big-sparse-array-1.0.3.tgz",
      "integrity": "sha512-6RjV/3mSZORlMdpUaQ6rUSpG637cZm0//E54YYGtQg1c1O+AbZP8UTdJ/TchsDZcTVLmyWZcseBfp2HBeXUXOQ=="
    },
    "node_modules/binary-stream-equals": {
      "version": "1.0.0",
      "resolved": "https://registry.npmjs.org/binary-stream-equals/-/binary-stream-equals-1.0.0.tgz",
      "integrity": "sha512-xiUT5LGfD8JiLhbXiG+ByOnbgb9f2ssRLfZDQMl3nZdf89EotQZGZuMkDN8J3n46emabE7RnJ1q0r7Hv3INExw==",
      "dependencies": {
        "b4a": "^1.3.1"
      }
    },
    "node_modules/blake2b": {
      "version": "2.1.4",
      "resolved": "https://registry.npmjs.org/blake2b/-/blake2b-2.1.4.tgz",
      "integrity": "sha512-AyBuuJNI64gIvwx13qiICz6H6hpmjvYS5DGkG6jbXMOT8Z3WUJ3V1X0FlhIoT1b/5JtHE3ki+xjtMvu1nn+t9A==",
      "dependencies": {
        "blake2b-wasm": "^2.4.0",
        "nanoassert": "^2.0.0"
      }
    },
    "node_modules/blake2b-wasm": {
      "version": "2.4.0",
      "resolved": "https://registry.npmjs.org/blake2b-wasm/-/blake2b-wasm-2.4.0.tgz",
      "integrity": "sha512-S1kwmW2ZhZFFFOghcx73+ZajEfKBqhP82JMssxtLVMxlaPea1p9uoLiUZ5WYyHn0KddwbLc+0vh4wR0KBNoT5w==",
      "dependencies": {
        "b4a": "^1.0.1",
        "nanoassert": "^2.0.0"
      }
    },
    "node_modules/bogon": {
      "version": "1.1.0",
      "resolved": "https://registry.npmjs.org/bogon/-/bogon-1.1.0.tgz",
      "integrity": "sha512-a6SnToksXHuUlgeMvI/txWmTcKz7c7iBa8f0HbXL4toN1Uza/CTQ4F7n9jSDX49TCpxv3KUP100q4sZfwLyLiw==",
      "dependencies": {
        "compact-encoding": "^2.11.0",
        "compact-encoding-net": "^1.2.0"
      }
    },
    "node_modules/chacha20-universal": {
      "version": "1.0.4",
      "resolved": "https://registry.npmjs.org/chacha20-universal/-/chacha20-universal-1.0.4.tgz",
      "integrity": "sha512-/IOxdWWNa7nRabfe7+oF+jVkGjlr2xUL4J8l/OvzZhj+c9RpMqoo3Dq+5nU1j/BflRV4BKnaQ4+4oH1yBpQG1Q==",
      "dependencies": {
        "nanoassert": "^2.0.0"
      }
    },
    "node_modules/compact-encoding": {
      "version": "2.11.0",
      "resolved": "https://registry.npmjs.org/compact-encoding/-/compact-encoding-2.11.0.tgz",
      "integrity": "sha512-CRfTuyy9Tg7EwxNKvIq3yFIr2JnJLyVr9Yj234VsDCL59hdXcZH3TdzY/2kwbAqVogIoRBJjnNKCEnXbxTIEeg==",
      "dependencies": {
        "b4a": "^1.3.0"
      }
    },
    "node_modules/compact-encoding-net": {
      "version": "1.2.0",
      "resolved": "https://registry.npmjs.org/compact-encoding-net/-/compact-encoding-net-1.2.0.tgz",
      "integrity": "sha512-LVXpNpF7PGQeHRVVLGgYWzuVoYAaDZvKUsUxRioGfkotzvOh4AzoQF1HBH3zMNaSnx7gJXuUr3hkjnijaH/Eng==",
      "dependencies": {
        "compact-encoding": "^2.4.1"
      }
    },
    "node_modules/crc-universal": {
      "version": "1.0.2",
      "resolved": "https://registry.npmjs.org/crc-universal/-/crc-universal-1.0.2.tgz",
      "integrity": "sha512-RrQ/8bT3WKNsGQuHWV3wf3Y0SUJTa8GADrkrQ1gsDljJLs8h/ENJRFUkL3z1TRWas80gv3Kdo6z1IPYyVJ/sxQ==",
      "dependencies": {
        "node-gyp-build": "^4.5.0"
      }
    },
    "node_modules/debounceify": {
      "version": "1.0.0",
      "resolved": "https://registry.npmjs.org/debounceify/-/debounceify-1.0.0.tgz",
      "integrity": "sha512-7BeSMAPUohdDJ7sU6Tq2M8HkJR05IqQCeVm/qNemrpOgP5SGZD5WeNOXNfsgbESinz6OjMooWPTGZiKUX91XJQ=="
    },
    "node_modules/debugging-stream": {
      "version": "2.0.0",
      "resolved": "https://registry.npmjs.org/debugging-stream/-/debugging-stream-2.0.0.tgz",
      "integrity": "sha512-xwfl6wB/3xc553uwtGnSa94jFxnGOc02C0WU2Nmzwr80gzeqn1FX4VcbvoKIhe8L/lPq4BTQttAbrTN94uN8rA==",
      "dependencies": {
        "streamx": "^2.12.4"
      }
    },
    "node_modules/dht-rpc": {
      "version": "6.6.2",
      "resolved": "https://registry.npmjs.org/dht-rpc/-/dht-rpc-6.6.2.tgz",
      "integrity": "sha512-tOG4cEwere/Vi5y8zJb1D55ApPFRMyHwgVLmjPeROQhYc0/L2ZYw/h4u3XqGYI0i+vweBN2ZEJ99vk9iBsxd3A==",
      "dependencies": {
        "b4a": "^1.3.1",
        "compact-encoding": "^2.1.0",
        "compact-encoding-net": "^1.0.1",
        "events": "^3.3.0",
        "fast-fifo": "^1.0.0",
        "kademlia-routing-table": "^1.0.0",
        "nat-sampler": "^1.0.1",
        "sodium-universal": "^4.0.0",
        "streamx": "^2.10.3",
        "time-ordered-set": "^1.0.2",
        "udx-native": "^1.2.0"
      }
    },
    "node_modules/events": {
      "version": "3.3.0",
      "resolved": "https://registry.npmjs.org/events/-/events-3.3.0.tgz",
      "integrity": "sha512-mQw+2fkQbALzQ7V0MY0IqdnXNOeTtP4r0lN9z7AAawCXgqea7bDii20AYrIBrFd/Hx0M2Ocz6S111CaFkUcb0Q==",
      "engines": {
        "node": ">=0.8.x"
      }
    },
    "node_modules/fast-fifo": {
      "version": "1.1.0",
      "resolved": "https://registry.npmjs.org/fast-fifo/-/fast-fifo-1.1.0.tgz",
      "integrity": "sha512-Kl29QoNbNvn4nhDsLYjyIAaIqaJB6rBx5p3sL9VjaefJ+eMFBWVZiaoguaoZfzEKr5RhAti0UgM8703akGPJ6g=="
    },
    "node_modules/flat-tree": {
      "version": "1.9.0",
      "resolved": "https://registry.npmjs.org/flat-tree/-/flat-tree-1.9.0.tgz",
      "integrity": "sha512-WRu5/q9fcdL9f7L6Ahq8fR153e5Zr5aU6plPHupN6JDWuvEJbMjrEQprge3/I7ytndHC6/GUNg5Rg8XEisuv5w=="
    },
    "node_modules/fs-native-extensions": {
      "version": "1.2.0",
      "resolved": "https://registry.npmjs.org/fs-native-extensions/-/fs-native-extensions-1.2.0.tgz",
      "integrity": "sha512-SIHH84fx7NLGfvRDkaLrfAnsCljwEAjCLy+CfR0r27wcrhed0xpqzP3o8kVCADlX3316BgiUGVx+yuI5EhgV5w==",
      "hasInstallScript": true,
      "optional": true,
      "dependencies": {
        "napi-macros": "^2.0.0",
        "node-gyp-build": "^4.2.3",
        "uv-errors": "^1.0.1"
      }
    },
    "node_modules/graceful-goodbye": {
      "version": "1.2.0",
      "resolved": "https://registry.npmjs.org/graceful-goodbye/-/graceful-goodbye-1.2.0.tgz",
      "integrity": "sha512-o+H6xuufdpN3Qt2sXi5HLxIoW07cE/0zNccrmDajOyNnlVHHeDOp5Uvt3uZYTov/sSphcd0aZW5Y5GdvFpfKWg=="
    },
    "node_modules/hypercore": {
      "version": "10.7.0",
      "resolved": "https://registry.npmjs.org/hypercore/-/hypercore-10.7.0.tgz",
      "integrity": "sha512-QZi3WADnSH6aPwQvJGa/EoSXnzx+8UIRUiWQfhtT+PgoeSJwHDS5OkiaBZDoOXyZ7WckbVglRe4TQLjQs0TznA==",
      "dependencies": {
        "@hyperswarm/secret-stream": "^6.0.0",
        "b4a": "^1.1.0",
        "big-sparse-array": "^1.0.3",
        "compact-encoding": "^2.11.0",
        "crc-universal": "^1.0.2",
        "events": "^3.3.0",
        "flat-tree": "^1.9.0",
        "hypercore-crypto": "^3.2.1",
        "is-options": "^1.0.1",
        "protomux": "^3.4.0",
        "quickbit-universal": "^2.0.3",
        "random-access-file": "^4.0.0",
        "random-array-iterator": "^1.0.0",
        "safety-catch": "^1.0.1",
        "sodium-universal": "^4.0.0",
        "streamx": "^2.12.4",
        "xache": "^1.1.0",
        "z32": "^1.0.0"
      }
    },
    "node_modules/hypercore-crypto": {
      "version": "3.3.1",
      "resolved": "https://registry.npmjs.org/hypercore-crypto/-/hypercore-crypto-3.3.1.tgz",
      "integrity": "sha512-Fo0ZBMDW3P7HFh58AQdxsVop0Xh0Bper4Pyl5Dpc+tvGos6je2ufJpeepaHaI0mNkKq4we1ikd47kTnx2XJd/w==",
      "dependencies": {
        "b4a": "^1.1.0",
        "compact-encoding": "^2.5.1",
        "sodium-universal": "^4.0.0"
      }
    },
    "node_modules/hyperswarm": {
      "version": "4.3.6",
      "resolved": "https://registry.npmjs.org/hyperswarm/-/hyperswarm-4.3.6.tgz",
      "integrity": "sha512-thohjQjRkuI0sybTzedpJ1mPIXJ9RvcW78TteV38CjcEv5OGk6FXfX7XkKmz/aS2NHLXHIaSqOnMOvD4gSbXIA==",
      "dependencies": {
        "@hyperswarm/dht": "^6.0.1",
        "b4a": "^1.3.1",
        "events": "^3.3.0",
        "safety-catch": "^1.0.2",
        "shuffled-priority-queue": "^2.1.0"
      }
    },
    "node_modules/is-options": {
      "version": "1.0.2",
      "resolved": "https://registry.npmjs.org/is-options/-/is-options-1.0.2.tgz",
      "integrity": "sha512-u+Ai74c8Q74aS8BuHwPdI1jptGOT1FQXgCq8/zv0xRuE+wRgSMEJLj8lVO8Zp9BeGb29BXY6AsNPinfqjkr7Fg==",
      "dependencies": {
        "b4a": "^1.1.1"
      }
    },
    "node_modules/kademlia-routing-table": {
      "version": "1.0.1",
      "resolved": "https://registry.npmjs.org/kademlia-routing-table/-/kademlia-routing-table-1.0.1.tgz",
      "integrity": "sha512-dKk19sC3/+kWhBIvOKCthxVV+JH0NrswSBq4sA4eOkkPMqQM1rRuOWte1WSKXeP8r9Nx4NuiH2gny3lMddJTpw=="
    },
    "node_modules/localdrive": {
      "version": "1.4.0",
      "resolved": "https://registry.npmjs.org/localdrive/-/localdrive-1.4.0.tgz",
      "integrity": "sha512-7TnPkPeeGKyZhjI904qgO2eJU6OcURDAQdXooQTFPtguRv3qH7oIBzqYrTaf4m44TGbv7Cxe6tJ9jiHm6mBQow==",
      "dependencies": {
        "b4a": "^1.6.1",
        "mirror-drive": "^1.2.0",
        "mutexify": "^1.4.0",
        "streamx": "^2.12.5",
        "unix-path-resolve": "^1.0.2"
      }
    },
    "node_modules/mirror-drive": {
      "version": "1.2.1",
      "resolved": "https://registry.npmjs.org/mirror-drive/-/mirror-drive-1.2.1.tgz",
      "integrity": "sha512-1Y6vj25cVXIxzkiN9HRPOLunk/KnWAFG+EDHtjMBt/ydaD9UKUsqb0p/ly1ht/vFtDTvWEW5lPoIll6hzvMu3g==",
      "dependencies": {
        "binary-stream-equals": "^1.0.0",
        "same-data": "^1.0.0"
      }
    },
    "node_modules/mutexify": {
      "version": "1.4.0",
      "resolved": "https://registry.npmjs.org/mutexify/-/mutexify-1.4.0.tgz",
      "integrity": "sha512-pbYSsOrSB/AKN5h/WzzLRMFgZhClWccf2XIB4RSMC8JbquiB0e0/SH5AIfdQMdyHmYtv4seU7yV/TvAwPLJ1Yg==",
      "dependencies": {
        "queue-tick": "^1.0.0"
      }
    },
    "node_modules/nanoassert": {
      "version": "2.0.0",
      "resolved": "https://registry.npmjs.org/nanoassert/-/nanoassert-2.0.0.tgz",
      "integrity": "sha512-7vO7n28+aYO4J+8w96AzhmU8G+Y/xpPDJz/se19ICsqj/momRbb9mh9ZUtkoJ5X3nTnPdhEJyc0qnM6yAsHBaA=="
    },
    "node_modules/napi-macros": {
      "version": "2.2.2",
      "resolved": "https://registry.npmjs.org/napi-macros/-/napi-macros-2.2.2.tgz",
      "integrity": "sha512-hmEVtAGYzVQpCKdbQea4skABsdXW4RUh5t5mJ2zzqowJS2OyXZTU1KhDVFhx+NlWZ4ap9mqR9TcDO3LTTttd+g=="
    },
    "node_modules/nat-sampler": {
      "version": "1.0.1",
      "resolved": "https://registry.npmjs.org/nat-sampler/-/nat-sampler-1.0.1.tgz",
      "integrity": "sha512-yQvyNN7xbqR8crTKk3U8gRgpcV1Az+vfCEijiHu9oHHsnIl8n3x+yXNHl42M6L3czGynAVoOT9TqBfS87gDdcw=="
    },
    "node_modules/node-gyp-build": {
      "version": "4.6.0",
      "resolved": "https://registry.npmjs.org/node-gyp-build/-/node-gyp-build-4.6.0.tgz",
      "integrity": "sha512-NTZVKn9IylLwUzaKjkas1e4u2DLNcV4rdYagA4PWdPwW87Bi7z+BznyKSRwS/761tV/lzCGXplWsiaMjLqP2zQ==",
      "bin": {
        "node-gyp-build": "bin.js",
        "node-gyp-build-optional": "optional.js",
        "node-gyp-build-test": "build-test.js"
      }
    },
    "node_modules/noise-curve-ed": {
      "version": "2.0.1",
      "resolved": "https://registry.npmjs.org/noise-curve-ed/-/noise-curve-ed-2.0.1.tgz",
      "integrity": "sha512-8HMZ40Wmarg8RQjVemLrjB49JSL6eGeOD+tlzaQW5/p+hNPfHFEMC3UZZ57zUqUprMuz6GN+gsPExpz2DWL+iA==",
      "dependencies": {
        "b4a": "^1.1.0",
        "nanoassert": "^2.0.0",
        "sodium-universal": "^4.0.0"
      }
    },
    "node_modules/noise-handshake": {
      "version": "3.0.2",
      "resolved": "https://registry.npmjs.org/noise-handshake/-/noise-handshake-3.0.2.tgz",
      "integrity": "sha512-4RQ9/6R/GLKA3DPcLDeo954ZBZezHBNpc4YnhyisZ9DPiTRnc81aGdCbH3J9pHllDfj82/f9wKHRRsU7C6pNEg==",
      "dependencies": {
        "b4a": "^1.1.0",
        "nanoassert": "^2.0.0",
        "sodium-universal": "^4.0.0"
      }
    },
    "node_modules/protomux": {
      "version": "3.4.1",
      "resolved": "https://registry.npmjs.org/protomux/-/protomux-3.4.1.tgz",
      "integrity": "sha512-V8MDCiDGqxM4/hGOewmezbCX7HZfcYGtpdO0MK6pEhBLSknENuqqE98OEWyQuwDalfHULVO8ml7LSwTB5g5Z6g==",
      "dependencies": {
        "b4a": "^1.3.1",
        "compact-encoding": "^2.5.1",
        "queue-tick": "^1.0.0",
        "safety-catch": "^1.0.1"
      }
    },
    "node_modules/queue-tick": {
      "version": "1.0.1",
      "resolved": "https://registry.npmjs.org/queue-tick/-/queue-tick-1.0.1.tgz",
      "integrity": "sha512-kJt5qhMxoszgU/62PLP1CJytzd2NKetjSRnyuj31fDd3Rlcz3fzlFdFLD1SItunPwyqEOkca6GbV612BWfaBag=="
    },
    "node_modules/quickbit-universal": {
      "version": "2.0.3",
      "resolved": "https://registry.npmjs.org/quickbit-universal/-/quickbit-universal-2.0.3.tgz",
      "integrity": "sha512-cdyTFj+fa7iGHMNM/gMXJscTiRZt6yIhRx8fYIFT+xaxXPB3dmSy1mY9BkDf21ONqb6PZMggm5E1Huj+72+bjQ==",
      "dependencies": {
        "b4a": "^1.6.0",
        "node-gyp-build": "^4.5.0",
        "simdle-universal": "^1.1.0"
      }
    },
    "node_modules/random-access-file": {
      "version": "4.0.0",
      "resolved": "https://registry.npmjs.org/random-access-file/-/random-access-file-4.0.0.tgz",
      "integrity": "sha512-9nk4xujIoF1bGVxd6XiM/3cnJevNYLAjv9nPmJXbCn/3fxXBr9jb9IodIDJvtiTKFwVzlwGzGGqM+zVbRw6Yaw==",
      "dependencies": {
        "random-access-storage": "^3.0.0"
      },
      "optionalDependencies": {
        "fs-native-extensions": "^1.1.0"
      }
    },
    "node_modules/random-access-storage": {
      "version": "3.0.0",
      "resolved": "https://registry.npmjs.org/random-access-storage/-/random-access-storage-3.0.0.tgz",
      "integrity": "sha512-f9KeHUMhrqj0hE2d4HbUXk/Cd5vElaVzdA0PuqPTlnxsG3dDvwQaMg8POT5tWK6UxJ80zAONZpHgLPMnnff1RA==",
      "dependencies": {
        "events": "^3.3.0",
        "queue-tick": "^1.0.0"
      }
    },
    "node_modules/random-array-iterator": {
      "version": "1.0.0",
      "resolved": "https://registry.npmjs.org/random-array-iterator/-/random-array-iterator-1.0.0.tgz",
      "integrity": "sha512-u7xCM93XqKEvPTP6xZp2ehttcAemKnh73oKNf1FvzuVCfpt6dILDt1Kxl1LeBjm2iNIeR49VGFhy4Iz3yOun+Q=="
    },
    "node_modules/record-cache": {
      "version": "1.2.0",
      "resolved": "https://registry.npmjs.org/record-cache/-/record-cache-1.2.0.tgz",
      "integrity": "sha512-kyy3HWCez2WrotaL3O4fTn0rsIdfRKOdQQcEJ9KpvmKmbffKVvwsloX063EgRUlpJIXHiDQFhJcTbZequ2uTZw==",
      "dependencies": {
        "b4a": "^1.3.1"
      }
    },
    "node_modules/safety-catch": {
      "version": "1.0.2",
      "resolved": "https://registry.npmjs.org/safety-catch/-/safety-catch-1.0.2.tgz",
      "integrity": "sha512-C1UYVZ4dtbBxEtvOcpjBaaD27nP8MlvyAQEp2fOTOEe6pfUpk1cDUxij6BR1jZup6rSyUTaBBplK7LanskrULA=="
    },
    "node_modules/same-data": {
      "version": "1.0.0",
      "resolved": "https://registry.npmjs.org/same-data/-/same-data-1.0.0.tgz",
      "integrity": "sha512-Eqn7N2yV+aKMlUHTRqUwYG1Iv0cJqjlvLKj/GoP5PozJn361QaOYX14+v87r7NqQUZC22noP/LfLrSQiPwAygw=="
    },
    "node_modules/sha256-universal": {
      "version": "1.2.1",
      "resolved": "https://registry.npmjs.org/sha256-universal/-/sha256-universal-1.2.1.tgz",
      "integrity": "sha512-ghn3muhdn1ailCQqqceNxRgkOeZSVfSE13RQWEg6njB+itsFzGVSJv+O//2hvNXZuxVIRyNzrgsZ37SPDdGJJw==",
      "dependencies": {
        "b4a": "^1.0.1",
        "sha256-wasm": "^2.2.1"
      }
    },
    "node_modules/sha256-wasm": {
      "version": "2.2.2",
      "resolved": "https://registry.npmjs.org/sha256-wasm/-/sha256-wasm-2.2.2.tgz",
      "integrity": "sha512-qKSGARvao+JQlFiA+sjJZhJ/61gmW/3aNLblB2rsgIxDlDxsJPHo8a1seXj12oKtuHVgJSJJ7QEGBUYQN741lQ==",
      "dependencies": {
        "b4a": "^1.0.1",
        "nanoassert": "^2.0.0"
      }
    },
    "node_modules/sha512-universal": {
      "version": "1.2.1",
      "resolved": "https://registry.npmjs.org/sha512-universal/-/sha512-universal-1.2.1.tgz",
      "integrity": "sha512-kehYuigMoRkIngCv7rhgruLJNNHDnitGTBdkcYbCbooL8Cidj/bS78MDxByIjcc69M915WxcQTgZetZ1JbeQTQ==",
      "dependencies": {
        "b4a": "^1.0.1",
        "sha512-wasm": "^2.3.1"
      }
    },
    "node_modules/sha512-wasm": {
      "version": "2.3.4",
      "resolved": "https://registry.npmjs.org/sha512-wasm/-/sha512-wasm-2.3.4.tgz",
      "integrity": "sha512-akWoxJPGCB3aZCrZ+fm6VIFhJ/p8idBv7AWGFng/CZIrQo51oQNsvDbTSRXWAzIiZJvpy16oIDiCCPqTe21sKg==",
      "dependencies": {
        "b4a": "^1.0.1",
        "nanoassert": "^2.0.0"
      }
    },
    "node_modules/shuffled-priority-queue": {
      "version": "2.1.0",
      "resolved": "https://registry.npmjs.org/shuffled-priority-queue/-/shuffled-priority-queue-2.1.0.tgz",
      "integrity": "sha512-xhdh7fHyMsr0m/w2kDfRJuBFRS96b9l8ZPNWGaQ+PMvnUnZ/Eh+gJJ9NsHBd7P9k0399WYlCLzsy18EaMfyadA==",
      "dependencies": {
        "unordered-set": "^2.0.1"
      }
    },
    "node_modules/simdle-universal": {
      "version": "1.1.0",
      "resolved": "https://registry.npmjs.org/simdle-universal/-/simdle-universal-1.1.0.tgz",
      "integrity": "sha512-ZH+N1FHGksLWcNgpuaVaX2pI86Zzu58Y5S1mNXd2HuMId75eRsrtpAmCG1RZJXclViUiACVsLA3LD3TQVpha5Q==",
      "dependencies": {
        "b4a": "^1.6.0",
        "node-gyp-build": "^4.2.3"
      }
    },
    "node_modules/siphash24": {
      "version": "1.3.1",
      "resolved": "https://registry.npmjs.org/siphash24/-/siphash24-1.3.1.tgz",
      "integrity": "sha512-moemC3ZKiTzH29nbFo3Iw8fbemWWod4vNs/WgKbQ54oEs6mE6XVlguxvinYjB+UmaE0PThgyED9fUkWvirT8hA==",
      "dependencies": {
        "nanoassert": "^2.0.0"
      }
    },
    "node_modules/sodium-javascript": {
      "version": "0.8.0",
      "resolved": "https://registry.npmjs.org/sodium-javascript/-/sodium-javascript-0.8.0.tgz",
      "integrity": "sha512-rEBzR5mPxPES+UjyMDvKPIXy9ImF17KOJ32nJNi9uIquWpS/nfj+h6m05J5yLJaGXjgM72LmQoUbWZVxh/rmGg==",
      "dependencies": {
        "blake2b": "^2.1.1",
        "chacha20-universal": "^1.0.4",
        "nanoassert": "^2.0.0",
        "sha256-universal": "^1.1.0",
        "sha512-universal": "^1.1.0",
        "siphash24": "^1.0.1",
        "xsalsa20": "^1.0.0"
      }
    },
    "node_modules/sodium-native": {
      "version": "4.0.1",
      "resolved": "https://registry.npmjs.org/sodium-native/-/sodium-native-4.0.1.tgz",
      "integrity": "sha512-OQTaxrVLtMvrnfcwZVsOTHe58MfDApJiHJNoOwcmmrhwvlYkfaUt2WuzRio8PgEMOd96R5aDHY49DCtock1zsA==",
      "hasInstallScript": true,
      "dependencies": {
        "node-gyp-build": "^4.3.0"
      }
    },
    "node_modules/sodium-secretstream": {
      "version": "1.1.0",
      "resolved": "https://registry.npmjs.org/sodium-secretstream/-/sodium-secretstream-1.1.0.tgz",
      "integrity": "sha512-Qg7D2xomELDjDCWAmE4izk1aecG/il8pQIGmSWFaKgah/V58BVWG/PuSZF6vseTpcqnetIFGaOWzmPNzyTD50A==",
      "dependencies": {
        "b4a": "^1.1.1",
        "sodium-universal": "^4.0.0"
      }
    },
    "node_modules/sodium-universal": {
      "version": "4.0.0",
      "resolved": "https://registry.npmjs.org/sodium-universal/-/sodium-universal-4.0.0.tgz",
      "integrity": "sha512-iKHl8XnBV96k1c75gwwzANFdephw/MDWSjQAjPmBE+du0y3P23Q8uf7AcdcfFsYAMwLg7WVBfSAIBtV/JvRsjA==",
      "dependencies": {
        "blake2b": "^2.1.1",
        "chacha20-universal": "^1.0.4",
        "nanoassert": "^2.0.0",
        "sha256-universal": "^1.1.0",
        "sha512-universal": "^1.1.0",
        "siphash24": "^1.0.1",
        "sodium-javascript": "~0.8.0",
        "sodium-native": "^4.0.0",
        "xsalsa20": "^1.0.0"
      }
    },
    "node_modules/streamx": {
      "version": "2.13.2",
      "resolved": "https://registry.npmjs.org/streamx/-/streamx-2.13.2.tgz",
      "integrity": "sha512-+TWqixPhGDXEG9L/XczSbhfkmwAtGs3BJX5QNU6cvno+pOLKeszByWcnaTu6dg8efsTYqR8ZZuXWHhZfgrxMvA==",
      "dependencies": {
        "fast-fifo": "^1.1.0",
        "queue-tick": "^1.0.1"
      }
    },
    "node_modules/time-ordered-set": {
      "version": "1.0.2",
      "resolved": "https://registry.npmjs.org/time-ordered-set/-/time-ordered-set-1.0.2.tgz",
      "integrity": "sha512-vGO99JkxvgX+u+LtOKQEpYf31Kj3i/GNwVstfnh4dyINakMgeZCpew1e3Aj+06hEslhtHEd52g7m5IV+o1K8Mw=="
    },
    "node_modules/timeout-refresh": {
      "version": "2.0.1",
      "resolved": "https://registry.npmjs.org/timeout-refresh/-/timeout-refresh-2.0.1.tgz",
      "integrity": "sha512-SVqEcMZBsZF9mA78rjzCrYrUs37LMJk3ShZ851ygZYW1cMeIjs9mL57KO6Iv5mmjSQnOe/29/VAfGXo+oRCiVw=="
    },
    "node_modules/udx-native": {
      "version": "1.5.3",
      "resolved": "https://registry.npmjs.org/udx-native/-/udx-native-1.5.3.tgz",
      "integrity": "sha512-xoMrEYR5Hahsvx04w06WSc52Sq0Xe2KQtbucyixhIlg/paWN+PXN1J3Ca6h/67K9fo1kB+j8C3fAik/Jv5Q1Mg==",
      "hasInstallScript": true,
      "dependencies": {
        "b4a": "^1.5.0",
        "events": "^3.3.0",
        "napi-macros": "^2.0.0",
        "node-gyp-build": "^4.4.0",
        "streamx": "^2.12.0"
      }
    },
    "node_modules/unix-path-resolve": {
      "version": "1.0.2",
      "resolved": "https://registry.npmjs.org/unix-path-resolve/-/unix-path-resolve-1.0.2.tgz",
      "integrity": "sha512-kG4g5nobBBaMnH2XbrS4sLUXEpx4nY2J3C6KAlAUcnahG2HChxSPVKWYrqEq76iTo+cyMkLUjqxGaQR2tz097Q=="
    },
    "node_modules/unordered-set": {
      "version": "2.0.1",
      "resolved": "https://registry.npmjs.org/unordered-set/-/unordered-set-2.0.1.tgz",
      "integrity": "sha512-eUmNTPzdx+q/WvOHW0bgGYLWvWHNT3PTKEQLg0MAQhc0AHASHVHoP/9YytYd4RBVariqno/mEUhVZN98CmD7bg=="
    },
    "node_modules/uv-errors": {
      "version": "1.0.3",
      "resolved": "https://registry.npmjs.org/uv-errors/-/uv-errors-1.0.3.tgz",
      "integrity": "sha512-9ukWJgbr6/LKcJHpwEUXNLvL04akSvVSOyBlu41molAenbLgumu0LDC2akqfPjQ37uYr1/ph4KIXkZMOItvWlA==",
      "optional": true
    },
    "node_modules/xache": {
      "version": "1.1.0",
      "resolved": "https://registry.npmjs.org/xache/-/xache-1.1.0.tgz",
      "integrity": "sha512-RQGZDHLy/uCvnIrAvaorZH/e6Dfrtxj16iVlGjkj4KD2/G/dNXNqhk5IdSucv5nSSnDK00y8Y/2csyRdHveJ+Q=="
    },
    "node_modules/xsalsa20": {
      "version": "1.2.0",
      "resolved": "https://registry.npmjs.org/xsalsa20/-/xsalsa20-1.2.0.tgz",
      "integrity": "sha512-FIr/DEeoHfj7ftfylnoFt3rAIRoWXpx2AoDfrT2qD2wtp7Dp+COajvs/Icb7uHqRW9m60f5iXZwdsJJO3kvb7w=="
    },
    "node_modules/z32": {
      "version": "1.0.0",
      "resolved": "https://registry.npmjs.org/z32/-/z32-1.0.0.tgz",
      "integrity": "sha512-p3DhBJckAZj5XwYMJYeLlkgJJ+aEyCoOjTpK17I/MofVs70eR+WQPXQpk1LEmMweB2JbUx0naFXPPI2EGaVX6w==",
      "dependencies": {
        "b4a": "^1.5.3"
      }
    }
  },
  "dependencies": {
    "@hyperswarm/dht": {
      "version": "6.4.4",
      "resolved": "https://registry.npmjs.org/@hyperswarm/dht/-/dht-6.4.4.tgz",
      "integrity": "sha512-yqOZ4iaOS9MYIMdC03lZ8scam+ptspTwL0rMFJILF+LU3LT8QjUCRHRUbUOaZFjZ0tf0g7+DICRILMTRwSQ/Ug==",
      "requires": {
        "@hyperswarm/secret-stream": "^6.0.0",
        "b4a": "^1.3.1",
        "bogon": "^1.0.0",
        "compact-encoding": "^2.4.1",
        "compact-encoding-net": "^1.0.1",
        "debugging-stream": "^2.0.0",
        "dht-rpc": "^6.6.1",
        "events": "^3.3.0",
        "hypercore-crypto": "^3.3.0",
        "noise-curve-ed": "^2.0.0",
        "noise-handshake": "^3.0.0",
        "record-cache": "^1.1.1",
        "safety-catch": "^1.0.1",
        "sodium-universal": "^4.0.0",
        "xache": "^1.1.0"
      }
    },
    "@hyperswarm/secret-stream": {
      "version": "6.1.2",
      "resolved": "https://registry.npmjs.org/@hyperswarm/secret-stream/-/secret-stream-6.1.2.tgz",
      "integrity": "sha512-oem+ZEG+wOU1K47qGi51pKyqG1N3F+zz42xmReHeGZVR84y+K+6VQIXCON4EozYad8HEGCixpupt8yH8W4sMxg==",
      "requires": {
        "b4a": "^1.1.0",
        "hypercore-crypto": "^3.3.1",
        "noise-curve-ed": "^2.0.1",
        "noise-handshake": "^3.0.2",
        "sodium-secretstream": "^1.1.0",
        "sodium-universal": "^4.0.0",
        "streamx": "^2.13.0",
        "timeout-refresh": "^2.0.0"
      }
    },
    "b4a": {
      "version": "1.6.1",
      "resolved": "https://registry.npmjs.org/b4a/-/b4a-1.6.1.tgz",
      "integrity": "sha512-AsKjNhz72yxteo/0EtQEiwkMUgk/tGmycXlbG4g3Ard2/ULtNLUykGOkeK0egmN27h0xMAhb76jYccW+XTBExA=="
    },
    "big-sparse-array": {
      "version": "1.0.3",
      "resolved": "https://registry.npmjs.org/big-sparse-array/-/big-sparse-array-1.0.3.tgz",
      "integrity": "sha512-6RjV/3mSZORlMdpUaQ6rUSpG637cZm0//E54YYGtQg1c1O+AbZP8UTdJ/TchsDZcTVLmyWZcseBfp2HBeXUXOQ=="
    },
    "binary-stream-equals": {
      "version": "1.0.0",
      "resolved": "https://registry.npmjs.org/binary-stream-equals/-/binary-stream-equals-1.0.0.tgz",
      "integrity": "sha512-xiUT5LGfD8JiLhbXiG+ByOnbgb9f2ssRLfZDQMl3nZdf89EotQZGZuMkDN8J3n46emabE7RnJ1q0r7Hv3INExw==",
      "requires": {
        "b4a": "^1.3.1"
      }
    },
    "blake2b": {
      "version": "2.1.4",
      "resolved": "https://registry.npmjs.org/blake2b/-/blake2b-2.1.4.tgz",
      "integrity": "sha512-AyBuuJNI64gIvwx13qiICz6H6hpmjvYS5DGkG6jbXMOT8Z3WUJ3V1X0FlhIoT1b/5JtHE3ki+xjtMvu1nn+t9A==",
      "requires": {
        "blake2b-wasm": "^2.4.0",
        "nanoassert": "^2.0.0"
      }
    },
    "blake2b-wasm": {
      "version": "2.4.0",
      "resolved": "https://registry.npmjs.org/blake2b-wasm/-/blake2b-wasm-2.4.0.tgz",
      "integrity": "sha512-S1kwmW2ZhZFFFOghcx73+ZajEfKBqhP82JMssxtLVMxlaPea1p9uoLiUZ5WYyHn0KddwbLc+0vh4wR0KBNoT5w==",
      "requires": {
        "b4a": "^1.0.1",
        "nanoassert": "^2.0.0"
      }
    },
    "bogon": {
      "version": "1.1.0",
      "resolved": "https://registry.npmjs.org/bogon/-/bogon-1.1.0.tgz",
      "integrity": "sha512-a6SnToksXHuUlgeMvI/txWmTcKz7c7iBa8f0HbXL4toN1Uza/CTQ4F7n9jSDX49TCpxv3KUP100q4sZfwLyLiw==",
      "requires": {
        "compact-encoding": "^2.11.0",
        "compact-encoding-net": "^1.2.0"
      }
    },
    "chacha20-universal": {
      "version": "1.0.4",
      "resolved": "https://registry.npmjs.org/chacha20-universal/-/chacha20-universal-1.0.4.tgz",
      "integrity": "sha512-/IOxdWWNa7nRabfe7+oF+jVkGjlr2xUL4J8l/OvzZhj+c9RpMqoo3Dq+5nU1j/BflRV4BKnaQ4+4oH1yBpQG1Q==",
      "requires": {
        "nanoassert": "^2.0.0"
      }
    },
    "compact-encoding": {
      "version": "2.11.0",
      "resolved": "https://registry.npmjs.org/compact-encoding/-/compact-encoding-2.11.0.tgz",
      "integrity": "sha512-CRfTuyy9Tg7EwxNKvIq3yFIr2JnJLyVr9Yj234VsDCL59hdXcZH3TdzY/2kwbAqVogIoRBJjnNKCEnXbxTIEeg==",
      "requires": {
        "b4a": "^1.3.0"
      }
    },
    "compact-encoding-net": {
      "version": "1.2.0",
      "resolved": "https://registry.npmjs.org/compact-encoding-net/-/compact-encoding-net-1.2.0.tgz",
      "integrity": "sha512-LVXpNpF7PGQeHRVVLGgYWzuVoYAaDZvKUsUxRioGfkotzvOh4AzoQF1HBH3zMNaSnx7gJXuUr3hkjnijaH/Eng==",
      "requires": {
        "compact-encoding": "^2.4.1"
      }
    },
    "crc-universal": {
      "version": "1.0.2",
      "resolved": "https://registry.npmjs.org/crc-universal/-/crc-universal-1.0.2.tgz",
      "integrity": "sha512-RrQ/8bT3WKNsGQuHWV3wf3Y0SUJTa8GADrkrQ1gsDljJLs8h/ENJRFUkL3z1TRWas80gv3Kdo6z1IPYyVJ/sxQ==",
      "requires": {
        "node-gyp-build": "^4.5.0"
      }
    },
    "debounceify": {
      "version": "1.0.0",
      "resolved": "https://registry.npmjs.org/debounceify/-/debounceify-1.0.0.tgz",
      "integrity": "sha512-7BeSMAPUohdDJ7sU6Tq2M8HkJR05IqQCeVm/qNemrpOgP5SGZD5WeNOXNfsgbESinz6OjMooWPTGZiKUX91XJQ=="
    },
    "debugging-stream": {
      "version": "2.0.0",
      "resolved": "https://registry.npmjs.org/debugging-stream/-/debugging-stream-2.0.0.tgz",
      "integrity": "sha512-xwfl6wB/3xc553uwtGnSa94jFxnGOc02C0WU2Nmzwr80gzeqn1FX4VcbvoKIhe8L/lPq4BTQttAbrTN94uN8rA==",
      "requires": {
        "streamx": "^2.12.4"
      }
    },
    "dht-rpc": {
      "version": "6.6.2",
      "resolved": "https://registry.npmjs.org/dht-rpc/-/dht-rpc-6.6.2.tgz",
      "integrity": "sha512-tOG4cEwere/Vi5y8zJb1D55ApPFRMyHwgVLmjPeROQhYc0/L2ZYw/h4u3XqGYI0i+vweBN2ZEJ99vk9iBsxd3A==",
      "requires": {
        "b4a": "^1.3.1",
        "compact-encoding": "^2.1.0",
        "compact-encoding-net": "^1.0.1",
        "events": "^3.3.0",
        "fast-fifo": "^1.0.0",
        "kademlia-routing-table": "^1.0.0",
        "nat-sampler": "^1.0.1",
        "sodium-universal": "^4.0.0",
        "streamx": "^2.10.3",
        "time-ordered-set": "^1.0.2",
        "udx-native": "^1.2.0"
      }
    },
    "events": {
      "version": "3.3.0",
      "resolved": "https://registry.npmjs.org/events/-/events-3.3.0.tgz",
      "integrity": "sha512-mQw+2fkQbALzQ7V0MY0IqdnXNOeTtP4r0lN9z7AAawCXgqea7bDii20AYrIBrFd/Hx0M2Ocz6S111CaFkUcb0Q=="
    },
    "fast-fifo": {
      "version": "1.1.0",
      "resolved": "https://registry.npmjs.org/fast-fifo/-/fast-fifo-1.1.0.tgz",
      "integrity": "sha512-Kl29QoNbNvn4nhDsLYjyIAaIqaJB6rBx5p3sL9VjaefJ+eMFBWVZiaoguaoZfzEKr5RhAti0UgM8703akGPJ6g=="
    },
    "flat-tree": {
      "version": "1.9.0",
      "resolved": "https://registry.npmjs.org/flat-tree/-/flat-tree-1.9.0.tgz",
      "integrity": "sha512-WRu5/q9fcdL9f7L6Ahq8fR153e5Zr5aU6plPHupN6JDWuvEJbMjrEQprge3/I7ytndHC6/GUNg5Rg8XEisuv5w=="
    },
    "fs-native-extensions": {
      "version": "1.2.0",
      "resolved": "https://registry.npmjs.org/fs-native-extensions/-/fs-native-extensions-1.2.0.tgz",
      "integrity": "sha512-SIHH84fx7NLGfvRDkaLrfAnsCljwEAjCLy+CfR0r27wcrhed0xpqzP3o8kVCADlX3316BgiUGVx+yuI5EhgV5w==",
      "optional": true,
      "requires": {
        "napi-macros": "^2.0.0",
        "node-gyp-build": "^4.2.3",
        "uv-errors": "^1.0.1"
      }
    },
    "graceful-goodbye": {
      "version": "1.2.0",
      "resolved": "https://registry.npmjs.org/graceful-goodbye/-/graceful-goodbye-1.2.0.tgz",
      "integrity": "sha512-o+H6xuufdpN3Qt2sXi5HLxIoW07cE/0zNccrmDajOyNnlVHHeDOp5Uvt3uZYTov/sSphcd0aZW5Y5GdvFpfKWg=="
    },
    "hypercore": {
      "version": "10.7.0",
      "resolved": "https://registry.npmjs.org/hypercore/-/hypercore-10.7.0.tgz",
      "integrity": "sha512-QZi3WADnSH6aPwQvJGa/EoSXnzx+8UIRUiWQfhtT+PgoeSJwHDS5OkiaBZDoOXyZ7WckbVglRe4TQLjQs0TznA==",
      "requires": {
        "@hyperswarm/secret-stream": "^6.0.0",
        "b4a": "^1.1.0",
        "big-sparse-array": "^1.0.3",
        "compact-encoding": "^2.11.0",
        "crc-universal": "^1.0.2",
        "events": "^3.3.0",
        "flat-tree": "^1.9.0",
        "hypercore-crypto": "^3.2.1",
        "is-options": "^1.0.1",
        "protomux": "^3.4.0",
        "quickbit-universal": "^2.0.3",
        "random-access-file": "^4.0.0",
        "random-array-iterator": "^1.0.0",
        "safety-catch": "^1.0.1",
        "sodium-universal": "^4.0.0",
        "streamx": "^2.12.4",
        "xache": "^1.1.0",
        "z32": "^1.0.0"
      }
    },
    "hypercore-crypto": {
      "version": "3.3.1",
      "resolved": "https://registry.npmjs.org/hypercore-crypto/-/hypercore-crypto-3.3.1.tgz",
      "integrity": "sha512-Fo0ZBMDW3P7HFh58AQdxsVop0Xh0Bper4Pyl5Dpc+tvGos6je2ufJpeepaHaI0mNkKq4we1ikd47kTnx2XJd/w==",
      "requires": {
        "b4a": "^1.1.0",
        "compact-encoding": "^2.5.1",
        "sodium-universal": "^4.0.0"
      }
    },
    "hyperswarm": {
      "version": "4.3.6",
      "resolved": "https://registry.npmjs.org/hyperswarm/-/hyperswarm-4.3.6.tgz",
      "integrity": "sha512-thohjQjRkuI0sybTzedpJ1mPIXJ9RvcW78TteV38CjcEv5OGk6FXfX7XkKmz/aS2NHLXHIaSqOnMOvD4gSbXIA==",
      "requires": {
        "@hyperswarm/dht": "^6.0.1",
        "b4a": "^1.3.1",
        "events": "^3.3.0",
        "safety-catch": "^1.0.2",
        "shuffled-priority-queue": "^2.1.0"
      }
    },
    "is-options": {
      "version": "1.0.2",
      "resolved": "https://registry.npmjs.org/is-options/-/is-options-1.0.2.tgz",
      "integrity": "sha512-u+Ai74c8Q74aS8BuHwPdI1jptGOT1FQXgCq8/zv0xRuE+wRgSMEJLj8lVO8Zp9BeGb29BXY6AsNPinfqjkr7Fg==",
      "requires": {
        "b4a": "^1.1.1"
      }
    },
    "kademlia-routing-table": {
      "version": "1.0.1",
      "resolved": "https://registry.npmjs.org/kademlia-routing-table/-/kademlia-routing-table-1.0.1.tgz",
      "integrity": "sha512-dKk19sC3/+kWhBIvOKCthxVV+JH0NrswSBq4sA4eOkkPMqQM1rRuOWte1WSKXeP8r9Nx4NuiH2gny3lMddJTpw=="
    },
    "localdrive": {
      "version": "1.4.0",
      "resolved": "https://registry.npmjs.org/localdrive/-/localdrive-1.4.0.tgz",
      "integrity": "sha512-7TnPkPeeGKyZhjI904qgO2eJU6OcURDAQdXooQTFPtguRv3qH7oIBzqYrTaf4m44TGbv7Cxe6tJ9jiHm6mBQow==",
      "requires": {
        "b4a": "^1.6.1",
        "mirror-drive": "^1.2.0",
        "mutexify": "^1.4.0",
        "streamx": "^2.12.5",
        "unix-path-resolve": "^1.0.2"
      }
    },
    "mirror-drive": {
      "version": "1.2.1",
      "resolved": "https://registry.npmjs.org/mirror-drive/-/mirror-drive-1.2.1.tgz",
      "integrity": "sha512-1Y6vj25cVXIxzkiN9HRPOLunk/KnWAFG+EDHtjMBt/ydaD9UKUsqb0p/ly1ht/vFtDTvWEW5lPoIll6hzvMu3g==",
      "requires": {
        "binary-stream-equals": "^1.0.0",
        "same-data": "^1.0.0"
      }
    },
    "mutexify": {
      "version": "1.4.0",
      "resolved": "https://registry.npmjs.org/mutexify/-/mutexify-1.4.0.tgz",
      "integrity": "sha512-pbYSsOrSB/AKN5h/WzzLRMFgZhClWccf2XIB4RSMC8JbquiB0e0/SH5AIfdQMdyHmYtv4seU7yV/TvAwPLJ1Yg==",
      "requires": {
        "queue-tick": "^1.0.0"
      }
    },
    "nanoassert": {
      "version": "2.0.0",
      "resolved": "https://registry.npmjs.org/nanoassert/-/nanoassert-2.0.0.tgz",
      "integrity": "sha512-7vO7n28+aYO4J+8w96AzhmU8G+Y/xpPDJz/se19ICsqj/momRbb9mh9ZUtkoJ5X3nTnPdhEJyc0qnM6yAsHBaA=="
    },
    "napi-macros": {
      "version": "2.2.2",
      "resolved": "https://registry.npmjs.org/napi-macros/-/napi-macros-2.2.2.tgz",
      "integrity": "sha512-hmEVtAGYzVQpCKdbQea4skABsdXW4RUh5t5mJ2zzqowJS2OyXZTU1KhDVFhx+NlWZ4ap9mqR9TcDO3LTTttd+g=="
    },
    "nat-sampler": {
      "version": "1.0.1",
      "resolved": "https://registry.npmjs.org/nat-sampler/-/nat-sampler-1.0.1.tgz",
      "integrity": "sha512-yQvyNN7xbqR8crTKk3U8gRgpcV1Az+vfCEijiHu9oHHsnIl8n3x+yXNHl42M6L3czGynAVoOT9TqBfS87gDdcw=="
    },
    "node-gyp-build": {
      "version": "4.6.0",
      "resolved": "https://registry.npmjs.org/node-gyp-build/-/node-gyp-build-4.6.0.tgz",
      "integrity": "sha512-NTZVKn9IylLwUzaKjkas1e4u2DLNcV4rdYagA4PWdPwW87Bi7z+BznyKSRwS/761tV/lzCGXplWsiaMjLqP2zQ=="
    },
    "noise-curve-ed": {
      "version": "2.0.1",
      "resolved": "https://registry.npmjs.org/noise-curve-ed/-/noise-curve-ed-2.0.1.tgz",
      "integrity": "sha512-8HMZ40Wmarg8RQjVemLrjB49JSL6eGeOD+tlzaQW5/p+hNPfHFEMC3UZZ57zUqUprMuz6GN+gsPExpz2DWL+iA==",
      "requires": {
        "b4a": "^1.1.0",
        "nanoassert": "^2.0.0",
        "sodium-universal": "^4.0.0"
      }
    },
    "noise-handshake": {
      "version": "3.0.2",
      "resolved": "https://registry.npmjs.org/noise-handshake/-/noise-handshake-3.0.2.tgz",
      "integrity": "sha512-4RQ9/6R/GLKA3DPcLDeo954ZBZezHBNpc4YnhyisZ9DPiTRnc81aGdCbH3J9pHllDfj82/f9wKHRRsU7C6pNEg==",
      "requires": {
        "b4a": "^1.1.0",
        "nanoassert": "^2.0.0",
        "sodium-universal": "^4.0.0"
      }
    },
    "protomux": {
      "version": "3.4.1",
      "resolved": "https://registry.npmjs.org/protomux/-/protomux-3.4.1.tgz",
      "integrity": "sha512-V8MDCiDGqxM4/hGOewmezbCX7HZfcYGtpdO0MK6pEhBLSknENuqqE98OEWyQuwDalfHULVO8ml7LSwTB5g5Z6g==",
      "requires": {
        "b4a": "^1.3.1",
        "compact-encoding": "^2.5.1",
        "queue-tick": "^1.0.0",
        "safety-catch": "^1.0.1"
      }
    },
    "queue-tick": {
      "version": "1.0.1",
      "resolved": "https://registry.npmjs.org/queue-tick/-/queue-tick-1.0.1.tgz",
      "integrity": "sha512-kJt5qhMxoszgU/62PLP1CJytzd2NKetjSRnyuj31fDd3Rlcz3fzlFdFLD1SItunPwyqEOkca6GbV612BWfaBag=="
    },
    "quickbit-universal": {
      "version": "2.0.3",
      "resolved": "https://registry.npmjs.org/quickbit-universal/-/quickbit-universal-2.0.3.tgz",
      "integrity": "sha512-cdyTFj+fa7iGHMNM/gMXJscTiRZt6yIhRx8fYIFT+xaxXPB3dmSy1mY9BkDf21ONqb6PZMggm5E1Huj+72+bjQ==",
      "requires": {
        "b4a": "^1.6.0",
        "node-gyp-build": "^4.5.0",
        "simdle-universal": "^1.1.0"
      }
    },
    "random-access-file": {
      "version": "4.0.0",
      "resolved": "https://registry.npmjs.org/random-access-file/-/random-access-file-4.0.0.tgz",
      "integrity": "sha512-9nk4xujIoF1bGVxd6XiM/3cnJevNYLAjv9nPmJXbCn/3fxXBr9jb9IodIDJvtiTKFwVzlwGzGGqM+zVbRw6Yaw==",
      "requires": {
        "fs-native-extensions": "^1.1.0",
        "random-access-storage": "^3.0.0"
      }
    },
    "random-access-storage": {
      "version": "3.0.0",
      "resolved": "https://registry.npmjs.org/random-access-storage/-/random-access-storage-3.0.0.tgz",
      "integrity": "sha512-f9KeHUMhrqj0hE2d4HbUXk/Cd5vElaVzdA0PuqPTlnxsG3dDvwQaMg8POT5tWK6UxJ80zAONZpHgLPMnnff1RA==",
      "requires": {
        "events": "^3.3.0",
        "queue-tick": "^1.0.0"
      }
    },
    "random-array-iterator": {
      "version": "1.0.0",
      "resolved": "https://registry.npmjs.org/random-array-iterator/-/random-array-iterator-1.0.0.tgz",
      "integrity": "sha512-u7xCM93XqKEvPTP6xZp2ehttcAemKnh73oKNf1FvzuVCfpt6dILDt1Kxl1LeBjm2iNIeR49VGFhy4Iz3yOun+Q=="
    },
    "record-cache": {
      "version": "1.2.0",
      "resolved": "https://registry.npmjs.org/record-cache/-/record-cache-1.2.0.tgz",
      "integrity": "sha512-kyy3HWCez2WrotaL3O4fTn0rsIdfRKOdQQcEJ9KpvmKmbffKVvwsloX063EgRUlpJIXHiDQFhJcTbZequ2uTZw==",
      "requires": {
        "b4a": "^1.3.1"
      }
    },
    "safety-catch": {
      "version": "1.0.2",
      "resolved": "https://registry.npmjs.org/safety-catch/-/safety-catch-1.0.2.tgz",
      "integrity": "sha512-C1UYVZ4dtbBxEtvOcpjBaaD27nP8MlvyAQEp2fOTOEe6pfUpk1cDUxij6BR1jZup6rSyUTaBBplK7LanskrULA=="
    },
    "same-data": {
      "version": "1.0.0",
      "resolved": "https://registry.npmjs.org/same-data/-/same-data-1.0.0.tgz",
      "integrity": "sha512-Eqn7N2yV+aKMlUHTRqUwYG1Iv0cJqjlvLKj/GoP5PozJn361QaOYX14+v87r7NqQUZC22noP/LfLrSQiPwAygw=="
    },
    "sha256-universal": {
      "version": "1.2.1",
      "resolved": "https://registry.npmjs.org/sha256-universal/-/sha256-universal-1.2.1.tgz",
      "integrity": "sha512-ghn3muhdn1ailCQqqceNxRgkOeZSVfSE13RQWEg6njB+itsFzGVSJv+O//2hvNXZuxVIRyNzrgsZ37SPDdGJJw==",
      "requires": {
        "b4a": "^1.0.1",
        "sha256-wasm": "^2.2.1"
      }
    },
    "sha256-wasm": {
      "version": "2.2.2",
      "resolved": "https://registry.npmjs.org/sha256-wasm/-/sha256-wasm-2.2.2.tgz",
      "integrity": "sha512-qKSGARvao+JQlFiA+sjJZhJ/61gmW/3aNLblB2rsgIxDlDxsJPHo8a1seXj12oKtuHVgJSJJ7QEGBUYQN741lQ==",
      "requires": {
        "b4a": "^1.0.1",
        "nanoassert": "^2.0.0"
      }
    },
    "sha512-universal": {
      "version": "1.2.1",
      "resolved": "https://registry.npmjs.org/sha512-universal/-/sha512-universal-1.2.1.tgz",
      "integrity": "sha512-kehYuigMoRkIngCv7rhgruLJNNHDnitGTBdkcYbCbooL8Cidj/bS78MDxByIjcc69M915WxcQTgZetZ1JbeQTQ==",
      "requires": {
        "b4a": "^1.0.1",
        "sha512-wasm": "^2.3.1"
      }
    },
    "sha512-wasm": {
      "version": "2.3.4",
      "resolved": "https://registry.npmjs.org/sha512-wasm/-/sha512-wasm-2.3.4.tgz",
      "integrity": "sha512-akWoxJPGCB3aZCrZ+fm6VIFhJ/p8idBv7AWGFng/CZIrQo51oQNsvDbTSRXWAzIiZJvpy16oIDiCCPqTe21sKg==",
      "requires": {
        "b4a": "^1.0.1",
        "nanoassert": "^2.0.0"
      }
    },
    "shuffled-priority-queue": {
      "version": "2.1.0",
      "resolved": "https://registry.npmjs.org/shuffled-priority-queue/-/shuffled-priority-queue-2.1.0.tgz",
      "integrity": "sha512-xhdh7fHyMsr0m/w2kDfRJuBFRS96b9l8ZPNWGaQ+PMvnUnZ/Eh+gJJ9NsHBd7P9k0399WYlCLzsy18EaMfyadA==",
      "requires": {
        "unordered-set": "^2.0.1"
      }
    },
    "simdle-universal": {
      "version": "1.1.0",
      "resolved": "https://registry.npmjs.org/simdle-universal/-/simdle-universal-1.1.0.tgz",
      "integrity": "sha512-ZH+N1FHGksLWcNgpuaVaX2pI86Zzu58Y5S1mNXd2HuMId75eRsrtpAmCG1RZJXclViUiACVsLA3LD3TQVpha5Q==",
      "requires": {
        "b4a": "^1.6.0",
        "node-gyp-build": "^4.2.3"
      }
    },
    "siphash24": {
      "version": "1.3.1",
      "resolved": "https://registry.npmjs.org/siphash24/-/siphash24-1.3.1.tgz",
      "integrity": "sha512-moemC3ZKiTzH29nbFo3Iw8fbemWWod4vNs/WgKbQ54oEs6mE6XVlguxvinYjB+UmaE0PThgyED9fUkWvirT8hA==",
      "requires": {
        "nanoassert": "^2.0.0"
      }
    },
    "sodium-javascript": {
      "version": "0.8.0",
      "resolved": "https://registry.npmjs.org/sodium-javascript/-/sodium-javascript-0.8.0.tgz",
      "integrity": "sha512-rEBzR5mPxPES+UjyMDvKPIXy9ImF17KOJ32nJNi9uIquWpS/nfj+h6m05J5yLJaGXjgM72LmQoUbWZVxh/rmGg==",
      "requires": {
        "blake2b": "^2.1.1",
        "chacha20-universal": "^1.0.4",
        "nanoassert": "^2.0.0",
        "sha256-universal": "^1.1.0",
        "sha512-universal": "^1.1.0",
        "siphash24": "^1.0.1",
        "xsalsa20": "^1.0.0"
      }
    },
    "sodium-native": {
      "version": "4.0.1",
      "resolved": "https://registry.npmjs.org/sodium-native/-/sodium-native-4.0.1.tgz",
      "integrity": "sha512-OQTaxrVLtMvrnfcwZVsOTHe58MfDApJiHJNoOwcmmrhwvlYkfaUt2WuzRio8PgEMOd96R5aDHY49DCtock1zsA==",
      "requires": {
        "node-gyp-build": "^4.3.0"
      }
    },
    "sodium-secretstream": {
      "version": "1.1.0",
      "resolved": "https://registry.npmjs.org/sodium-secretstream/-/sodium-secretstream-1.1.0.tgz",
      "integrity": "sha512-Qg7D2xomELDjDCWAmE4izk1aecG/il8pQIGmSWFaKgah/V58BVWG/PuSZF6vseTpcqnetIFGaOWzmPNzyTD50A==",
      "requires": {
        "b4a": "^1.1.1",
        "sodium-universal": "^4.0.0"
      }
    },
    "sodium-universal": {
      "version": "4.0.0",
      "resolved": "https://registry.npmjs.org/sodium-universal/-/sodium-universal-4.0.0.tgz",
      "integrity": "sha512-iKHl8XnBV96k1c75gwwzANFdephw/MDWSjQAjPmBE+du0y3P23Q8uf7AcdcfFsYAMwLg7WVBfSAIBtV/JvRsjA==",
      "requires": {
        "blake2b": "^2.1.1",
        "chacha20-universal": "^1.0.4",
        "nanoassert": "^2.0.0",
        "sha256-universal": "^1.1.0",
        "sha512-universal": "^1.1.0",
        "siphash24": "^1.0.1",
        "sodium-javascript": "~0.8.0",
        "sodium-native": "^4.0.0",
        "xsalsa20": "^1.0.0"
      }
    },
    "streamx": {
      "version": "2.13.2",
      "resolved": "https://registry.npmjs.org/streamx/-/streamx-2.13.2.tgz",
      "integrity": "sha512-+TWqixPhGDXEG9L/XczSbhfkmwAtGs3BJX5QNU6cvno+pOLKeszByWcnaTu6dg8efsTYqR8ZZuXWHhZfgrxMvA==",
      "requires": {
        "fast-fifo": "^1.1.0",
        "queue-tick": "^1.0.1"
      }
    },
    "time-ordered-set": {
      "version": "1.0.2",
      "resolved": "https://registry.npmjs.org/time-ordered-set/-/time-ordered-set-1.0.2.tgz",
      "integrity": "sha512-vGO99JkxvgX+u+LtOKQEpYf31Kj3i/GNwVstfnh4dyINakMgeZCpew1e3Aj+06hEslhtHEd52g7m5IV+o1K8Mw=="
    },
    "timeout-refresh": {
      "version": "2.0.1",
      "resolved": "https://registry.npmjs.org/timeout-refresh/-/timeout-refresh-2.0.1.tgz",
      "integrity": "sha512-SVqEcMZBsZF9mA78rjzCrYrUs37LMJk3ShZ851ygZYW1cMeIjs9mL57KO6Iv5mmjSQnOe/29/VAfGXo+oRCiVw=="
    },
    "udx-native": {
      "version": "1.5.3",
      "resolved": "https://registry.npmjs.org/udx-native/-/udx-native-1.5.3.tgz",
      "integrity": "sha512-xoMrEYR5Hahsvx04w06WSc52Sq0Xe2KQtbucyixhIlg/paWN+PXN1J3Ca6h/67K9fo1kB+j8C3fAik/Jv5Q1Mg==",
      "requires": {
        "b4a": "^1.5.0",
        "events": "^3.3.0",
        "napi-macros": "^2.0.0",
        "node-gyp-build": "^4.4.0",
        "streamx": "^2.12.0"
      }
    },
    "unix-path-resolve": {
      "version": "1.0.2",
      "resolved": "https://registry.npmjs.org/unix-path-resolve/-/unix-path-resolve-1.0.2.tgz",
      "integrity": "sha512-kG4g5nobBBaMnH2XbrS4sLUXEpx4nY2J3C6KAlAUcnahG2HChxSPVKWYrqEq76iTo+cyMkLUjqxGaQR2tz097Q=="
    },
    "unordered-set": {
      "version": "2.0.1",
      "resolved": "https://registry.npmjs.org/unordered-set/-/unordered-set-2.0.1.tgz",
      "integrity": "sha512-eUmNTPzdx+q/WvOHW0bgGYLWvWHNT3PTKEQLg0MAQhc0AHASHVHoP/9YytYd4RBVariqno/mEUhVZN98CmD7bg=="
    },
    "uv-errors": {
      "version": "1.0.3",
      "resolved": "https://registry.npmjs.org/uv-errors/-/uv-errors-1.0.3.tgz",
      "integrity": "sha512-9ukWJgbr6/LKcJHpwEUXNLvL04akSvVSOyBlu41molAenbLgumu0LDC2akqfPjQ37uYr1/ph4KIXkZMOItvWlA==",
      "optional": true
    },
    "xache": {
      "version": "1.1.0",
      "resolved": "https://registry.npmjs.org/xache/-/xache-1.1.0.tgz",
      "integrity": "sha512-RQGZDHLy/uCvnIrAvaorZH/e6Dfrtxj16iVlGjkj4KD2/G/dNXNqhk5IdSucv5nSSnDK00y8Y/2csyRdHveJ+Q=="
    },
    "xsalsa20": {
      "version": "1.2.0",
      "resolved": "https://registry.npmjs.org/xsalsa20/-/xsalsa20-1.2.0.tgz",
      "integrity": "sha512-FIr/DEeoHfj7ftfylnoFt3rAIRoWXpx2AoDfrT2qD2wtp7Dp+COajvs/Icb7uHqRW9m60f5iXZwdsJJO3kvb7w=="
    },
    "z32": {
      "version": "1.0.0",
      "resolved": "https://registry.npmjs.org/z32/-/z32-1.0.0.tgz",
      "integrity": "sha512-p3DhBJckAZj5XwYMJYeLlkgJJ+aEyCoOjTpK17I/MofVs70eR+WQPXQpk1LEmMweB2JbUx0naFXPPI2EGaVX6w==",
      "requires": {
        "b4a": "^1.5.3"
      }
    }
  }
}
