{
  "name": "Native",
  "lockfileVersion": 3,
  "requires": true,
  "packages": {
    "": {
      "dependencies": {
        "chrome-native-messaging": "^0.2.0"
      }
    },
    "node_modules/chrome-native-messaging": {
      "version": "0.2.0",
      "resolved": "https://registry.npmjs.org/chrome-native-messaging/-/chrome-native-messaging-0.2.0.tgz",
      "integrity": "sha512-RgTFMY0x/K5JUSLfd+rTaWxNvkliYqNR41h5DbbkjlDCbxmZSXIHAYOSTbIazjyorzpK26Y2H9BXnboy4s9SXw=="
    }
  }
}
